// !$*UTF8*$!
{
	archiveVersion = 1;
	classes = {
	};
	objectVersion = 46;
	objects = {

/* Begin PBXBuildFile section */
		3EE72B73D9751A7DBC90CCCA /* Pods_Calendar_Project.framework in Frameworks */ = {isa = PBXBuildFile; fileRef = 6C014CFD1E09E2D6F8C1A86C /* Pods_Calendar_Project.framework */; };
		6C6443C31DB5210D004ECC7D /* AppDelegate.swift in Sources */ = {isa = PBXBuildFile; fileRef = 6C6443C21DB5210D004ECC7D /* AppDelegate.swift */; };
		6C6443C51DB5210D004ECC7D /* ViewController.swift in Sources */ = {isa = PBXBuildFile; fileRef = 6C6443C41DB5210D004ECC7D /* ViewController.swift */; };
		6C6443C81DB5210D004ECC7D /* Main.storyboard in Resources */ = {isa = PBXBuildFile; fileRef = 6C6443C61DB5210D004ECC7D /* Main.storyboard */; };
		6C6443CA1DB5210D004ECC7D /* Assets.xcassets in Resources */ = {isa = PBXBuildFile; fileRef = 6C6443C91DB5210D004ECC7D /* Assets.xcassets */; };
		6C6443CD1DB5210D004ECC7D /* LaunchScreen.storyboard in Resources */ = {isa = PBXBuildFile; fileRef = 6C6443CB1DB5210D004ECC7D /* LaunchScreen.storyboard */; };
		6C6443D81DB5210D004ECC7D /* Calendar_ProjectTests.swift in Sources */ = {isa = PBXBuildFile; fileRef = 6C6443D71DB5210D004ECC7D /* Calendar_ProjectTests.swift */; };
		6C6443E31DB5210D004ECC7D /* Calendar_ProjectUITests.swift in Sources */ = {isa = PBXBuildFile; fileRef = 6C6443E21DB5210D004ECC7D /* Calendar_ProjectUITests.swift */; };
		B2EA1C5B1DB5B03B00E63438 /* TableViewController.swift in Sources */ = {isa = PBXBuildFile; fileRef = B2EA1C5A1DB5B03B00E63438 /* TableViewController.swift */; };
		B2EA1C631DB5FA4200E63438 /* DetailViewController.swift in Sources */ = {isa = PBXBuildFile; fileRef = B2EA1C621DB5FA4200E63438 /* DetailViewController.swift */; };
/* End PBXBuildFile section */

/* Begin PBXContainerItemProxy section */
		6C6443D41DB5210D004ECC7D /* PBXContainerItemProxy */ = {
			isa = PBXContainerItemProxy;
			containerPortal = 6C6443B71DB5210D004ECC7D /* Project object */;
			proxyType = 1;
			remoteGlobalIDString = 6C6443BE1DB5210D004ECC7D;
			remoteInfo = "Calendar-Project";
		};
		6C6443DF1DB5210D004ECC7D /* PBXContainerItemProxy */ = {
			isa = PBXContainerItemProxy;
			containerPortal = 6C6443B71DB5210D004ECC7D /* Project object */;
			proxyType = 1;
			remoteGlobalIDString = 6C6443BE1DB5210D004ECC7D;
			remoteInfo = "Calendar-Project";
		};
/* End PBXContainerItemProxy section */

/* Begin PBXFileReference section */
		10154D4322B720D57D36200A /* Pods-Calendar-Project.debug.xcconfig */ = {isa = PBXFileReference; includeInIndex = 1; lastKnownFileType = text.xcconfig; name = "Pods-Calendar-Project.debug.xcconfig"; path = "Pods/Target Support Files/Pods-Calendar-Project/Pods-Calendar-Project.debug.xcconfig"; sourceTree = "<group>"; };
		5FF91DD8D5615A7AFB5C531A /* Pods-Calendar-Project.release.xcconfig */ = {isa = PBXFileReference; includeInIndex = 1; lastKnownFileType = text.xcconfig; name = "Pods-Calendar-Project.release.xcconfig"; path = "Pods/Target Support Files/Pods-Calendar-Project/Pods-Calendar-Project.release.xcconfig"; sourceTree = "<group>"; };
		6C014CFD1E09E2D6F8C1A86C /* Pods_Calendar_Project.framework */ = {isa = PBXFileReference; explicitFileType = wrapper.framework; includeInIndex = 0; path = Pods_Calendar_Project.framework; sourceTree = BUILT_PRODUCTS_DIR; };
		6C6443BF1DB5210D004ECC7D /* Calendar-Project.app */ = {isa = PBXFileReference; explicitFileType = wrapper.application; includeInIndex = 0; path = "Calendar-Project.app"; sourceTree = BUILT_PRODUCTS_DIR; };
		6C6443C21DB5210D004ECC7D /* AppDelegate.swift */ = {isa = PBXFileReference; lastKnownFileType = sourcecode.swift; path = AppDelegate.swift; sourceTree = "<group>"; };
		6C6443C41DB5210D004ECC7D /* ViewController.swift */ = {isa = PBXFileReference; lastKnownFileType = sourcecode.swift; path = ViewController.swift; sourceTree = "<group>"; };
		6C6443C71DB5210D004ECC7D /* Base */ = {isa = PBXFileReference; lastKnownFileType = file.storyboard; name = Base; path = Base.lproj/Main.storyboard; sourceTree = "<group>"; };
		6C6443C91DB5210D004ECC7D /* Assets.xcassets */ = {isa = PBXFileReference; lastKnownFileType = folder.assetcatalog; path = Assets.xcassets; sourceTree = "<group>"; };
		6C6443CC1DB5210D004ECC7D /* Base */ = {isa = PBXFileReference; lastKnownFileType = file.storyboard; name = Base; path = Base.lproj/LaunchScreen.storyboard; sourceTree = "<group>"; };
		6C6443CE1DB5210D004ECC7D /* Info.plist */ = {isa = PBXFileReference; lastKnownFileType = text.plist.xml; path = Info.plist; sourceTree = "<group>"; };
		6C6443D31DB5210D004ECC7D /* Calendar-ProjectTests.xctest */ = {isa = PBXFileReference; explicitFileType = wrapper.cfbundle; includeInIndex = 0; path = "Calendar-ProjectTests.xctest"; sourceTree = BUILT_PRODUCTS_DIR; };
		6C6443D71DB5210D004ECC7D /* Calendar_ProjectTests.swift */ = {isa = PBXFileReference; lastKnownFileType = sourcecode.swift; path = Calendar_ProjectTests.swift; sourceTree = "<group>"; };
		6C6443D91DB5210D004ECC7D /* Info.plist */ = {isa = PBXFileReference; lastKnownFileType = text.plist.xml; path = Info.plist; sourceTree = "<group>"; };
		6C6443DE1DB5210D004ECC7D /* Calendar-ProjectUITests.xctest */ = {isa = PBXFileReference; explicitFileType = wrapper.cfbundle; includeInIndex = 0; path = "Calendar-ProjectUITests.xctest"; sourceTree = BUILT_PRODUCTS_DIR; };
		6C6443E21DB5210D004ECC7D /* Calendar_ProjectUITests.swift */ = {isa = PBXFileReference; lastKnownFileType = sourcecode.swift; path = Calendar_ProjectUITests.swift; sourceTree = "<group>"; };
		6C6443E41DB5210D004ECC7D /* Info.plist */ = {isa = PBXFileReference; lastKnownFileType = text.plist.xml; path = Info.plist; sourceTree = "<group>"; };
		B2EA1C5A1DB5B03B00E63438 /* TableViewController.swift */ = {isa = PBXFileReference; fileEncoding = 4; lastKnownFileType = sourcecode.swift; path = TableViewController.swift; sourceTree = "<group>"; };
		B2EA1C621DB5FA4200E63438 /* DetailViewController.swift */ = {isa = PBXFileReference; fileEncoding = 4; lastKnownFileType = sourcecode.swift; path = DetailViewController.swift; sourceTree = "<group>"; };
/* End PBXFileReference section */

/* Begin PBXFrameworksBuildPhase section */
		6C6443BC1DB5210D004ECC7D /* Frameworks */ = {
			isa = PBXFrameworksBuildPhase;
			buildActionMask = 2147483647;
			files = (
				3EE72B73D9751A7DBC90CCCA /* Pods_Calendar_Project.framework in Frameworks */,
			);
			runOnlyForDeploymentPostprocessing = 0;
		};
		6C6443D01DB5210D004ECC7D /* Frameworks */ = {
			isa = PBXFrameworksBuildPhase;
			buildActionMask = 2147483647;
			files = (
			);
			runOnlyForDeploymentPostprocessing = 0;
		};
		6C6443DB1DB5210D004ECC7D /* Frameworks */ = {
			isa = PBXFrameworksBuildPhase;
			buildActionMask = 2147483647;
			files = (
			);
			runOnlyForDeploymentPostprocessing = 0;
		};
/* End PBXFrameworksBuildPhase section */

/* Begin PBXGroup section */
		26BB80897F16763E3D9CFCA5 /* Frameworks */ = {
			isa = PBXGroup;
			children = (
				6C014CFD1E09E2D6F8C1A86C /* Pods_Calendar_Project.framework */,
			);
			name = Frameworks;
			sourceTree = "<group>";
		};
		6C6443B61DB5210D004ECC7D = {
			isa = PBXGroup;
			children = (
				6C6443C11DB5210D004ECC7D /* Calendar-Project */,
				6C6443D61DB5210D004ECC7D /* Calendar-ProjectTests */,
				6C6443E11DB5210D004ECC7D /* Calendar-ProjectUITests */,
				6C6443C01DB5210D004ECC7D /* Products */,
				79391ED0188B8B6FCD680DF0 /* Pods */,
				26BB80897F16763E3D9CFCA5 /* Frameworks */,
			);
			sourceTree = "<group>";
		};
		6C6443C01DB5210D004ECC7D /* Products */ = {
			isa = PBXGroup;
			children = (
				6C6443BF1DB5210D004ECC7D /* Calendar-Project.app */,
				6C6443D31DB5210D004ECC7D /* Calendar-ProjectTests.xctest */,
				6C6443DE1DB5210D004ECC7D /* Calendar-ProjectUITests.xctest */,
			);
			name = Products;
			sourceTree = "<group>";
		};
		6C6443C11DB5210D004ECC7D /* Calendar-Project */ = {
			isa = PBXGroup;
			children = (
				6C6443C21DB5210D004ECC7D /* AppDelegate.swift */,
				6C6443C41DB5210D004ECC7D /* ViewController.swift */,
				B2EA1C5A1DB5B03B00E63438 /* TableViewController.swift */,
				B2EA1C621DB5FA4200E63438 /* DetailViewController.swift */,
				6C6443C61DB5210D004ECC7D /* Main.storyboard */,
				6C6443C91DB5210D004ECC7D /* Assets.xcassets */,
				6C6443CB1DB5210D004ECC7D /* LaunchScreen.storyboard */,
				6C6443CE1DB5210D004ECC7D /* Info.plist */,
			);
			path = "Calendar-Project";
			sourceTree = "<group>";
		};
		6C6443D61DB5210D004ECC7D /* Calendar-ProjectTests */ = {
			isa = PBXGroup;
			children = (
				6C6443D71DB5210D004ECC7D /* Calendar_ProjectTests.swift */,
				6C6443D91DB5210D004ECC7D /* Info.plist */,
			);
			path = "Calendar-ProjectTests";
			sourceTree = "<group>";
		};
		6C6443E11DB5210D004ECC7D /* Calendar-ProjectUITests */ = {
			isa = PBXGroup;
			children = (
				6C6443E21DB5210D004ECC7D /* Calendar_ProjectUITests.swift */,
				6C6443E41DB5210D004ECC7D /* Info.plist */,
			);
			path = "Calendar-ProjectUITests";
			sourceTree = "<group>";
		};
		79391ED0188B8B6FCD680DF0 /* Pods */ = {
			isa = PBXGroup;
			children = (
				10154D4322B720D57D36200A /* Pods-Calendar-Project.debug.xcconfig */,
				5FF91DD8D5615A7AFB5C531A /* Pods-Calendar-Project.release.xcconfig */,
			);
			name = Pods;
			sourceTree = "<group>";
		};
/* End PBXGroup section */

/* Begin PBXNativeTarget section */
		6C6443BE1DB5210D004ECC7D /* Calendar-Project */ = {
			isa = PBXNativeTarget;
			buildConfigurationList = 6C6443E71DB5210D004ECC7D /* Build configuration list for PBXNativeTarget "Calendar-Project" */;
			buildPhases = (
				256561FBDC356A748D001BA0 /* [CP] Check Pods Manifest.lock */,
				6C6443BB1DB5210D004ECC7D /* Sources */,
				6C6443BC1DB5210D004ECC7D /* Frameworks */,
				6C6443BD1DB5210D004ECC7D /* Resources */,
				7A91E5CB306BB803C2719209 /* [CP] Embed Pods Frameworks */,
				E136AF35383DC25AB69C3791 /* [CP] Copy Pods Resources */,
			);
			buildRules = (
			);
			dependencies = (
			);
			name = "Calendar-Project";
			productName = "Calendar-Project";
			productReference = 6C6443BF1DB5210D004ECC7D /* Calendar-Project.app */;
			productType = "com.apple.product-type.application";
		};
		6C6443D21DB5210D004ECC7D /* Calendar-ProjectTests */ = {
			isa = PBXNativeTarget;
			buildConfigurationList = 6C6443EA1DB5210D004ECC7D /* Build configuration list for PBXNativeTarget "Calendar-ProjectTests" */;
			buildPhases = (
				6C6443CF1DB5210D004ECC7D /* Sources */,
				6C6443D01DB5210D004ECC7D /* Frameworks */,
				6C6443D11DB5210D004ECC7D /* Resources */,
			);
			buildRules = (
			);
			dependencies = (
				6C6443D51DB5210D004ECC7D /* PBXTargetDependency */,
			);
			name = "Calendar-ProjectTests";
			productName = "Calendar-ProjectTests";
			productReference = 6C6443D31DB5210D004ECC7D /* Calendar-ProjectTests.xctest */;
			productType = "com.apple.product-type.bundle.unit-test";
		};
		6C6443DD1DB5210D004ECC7D /* Calendar-ProjectUITests */ = {
			isa = PBXNativeTarget;
			buildConfigurationList = 6C6443ED1DB5210D004ECC7D /* Build configuration list for PBXNativeTarget "Calendar-ProjectUITests" */;
			buildPhases = (
				6C6443DA1DB5210D004ECC7D /* Sources */,
				6C6443DB1DB5210D004ECC7D /* Frameworks */,
				6C6443DC1DB5210D004ECC7D /* Resources */,
			);
			buildRules = (
			);
			dependencies = (
				6C6443E01DB5210D004ECC7D /* PBXTargetDependency */,
			);
			name = "Calendar-ProjectUITests";
			productName = "Calendar-ProjectUITests";
			productReference = 6C6443DE1DB5210D004ECC7D /* Calendar-ProjectUITests.xctest */;
			productType = "com.apple.product-type.bundle.ui-testing";
		};
/* End PBXNativeTarget section */

/* Begin PBXProject section */
		6C6443B71DB5210D004ECC7D /* Project object */ = {
			isa = PBXProject;
			attributes = {
				LastSwiftUpdateCheck = 0800;
				LastUpgradeCheck = 0800;
				ORGANIZATIONNAME = reaksmey;
				TargetAttributes = {
					6C6443BE1DB5210D004ECC7D = {
						CreatedOnToolsVersion = 8.0;
						ProvisioningStyle = Automatic;
					};
					6C6443D21DB5210D004ECC7D = {
						CreatedOnToolsVersion = 8.0;
						ProvisioningStyle = Automatic;
						TestTargetID = 6C6443BE1DB5210D004ECC7D;
					};
					6C6443DD1DB5210D004ECC7D = {
						CreatedOnToolsVersion = 8.0;
						ProvisioningStyle = Automatic;
						TestTargetID = 6C6443BE1DB5210D004ECC7D;
					};
				};
			};
			buildConfigurationList = 6C6443BA1DB5210D004ECC7D /* Build configuration list for PBXProject "Calendar-Project" */;
			compatibilityVersion = "Xcode 3.2";
			developmentRegion = English;
			hasScannedForEncodings = 0;
			knownRegions = (
				en,
				Base,
			);
			mainGroup = 6C6443B61DB5210D004ECC7D;
			productRefGroup = 6C6443C01DB5210D004ECC7D /* Products */;
			projectDirPath = "";
			projectRoot = "";
			targets = (
				6C6443BE1DB5210D004ECC7D /* Calendar-Project */,
				6C6443D21DB5210D004ECC7D /* Calendar-ProjectTests */,
				6C6443DD1DB5210D004ECC7D /* Calendar-ProjectUITests */,
			);
		};
/* End PBXProject section */

/* Begin PBXResourcesBuildPhase section */
		6C6443BD1DB5210D004ECC7D /* Resources */ = {
			isa = PBXResourcesBuildPhase;
			buildActionMask = 2147483647;
			files = (
				6C6443CD1DB5210D004ECC7D /* LaunchScreen.storyboard in Resources */,
				6C6443CA1DB5210D004ECC7D /* Assets.xcassets in Resources */,
				6C6443C81DB5210D004ECC7D /* Main.storyboard in Resources */,
			);
			runOnlyForDeploymentPostprocessing = 0;
		};
		6C6443D11DB5210D004ECC7D /* Resources */ = {
			isa = PBXResourcesBuildPhase;
			buildActionMask = 2147483647;
			files = (
			);
			runOnlyForDeploymentPostprocessing = 0;
		};
		6C6443DC1DB5210D004ECC7D /* Resources */ = {
			isa = PBXResourcesBuildPhase;
			buildActionMask = 2147483647;
			files = (
			);
			runOnlyForDeploymentPostprocessing = 0;
		};
/* End PBXResourcesBuildPhase section */

/* Begin PBXShellScriptBuildPhase section */
		256561FBDC356A748D001BA0 /* [CP] Check Pods Manifest.lock */ = {
			isa = PBXShellScriptBuildPhase;
			buildActionMask = 2147483647;
			files = (
			);
			inputPaths = (
			);
			name = "[CP] Check Pods Manifest.lock";
			outputPaths = (
			);
			runOnlyForDeploymentPostprocessing = 0;
			shellPath = /bin/sh;
			shellScript = "diff \"${PODS_ROOT}/../Podfile.lock\" \"${PODS_ROOT}/Manifest.lock\" > /dev/null\nif [ $? != 0 ] ; then\n    # print error to STDERR\n    echo \"error: The sandbox is not in sync with the Podfile.lock. Run 'pod install' or update your CocoaPods installation.\" >&2\n    exit 1\nfi\n";
			showEnvVarsInLog = 0;
		};
		7A91E5CB306BB803C2719209 /* [CP] Embed Pods Frameworks */ = {
			isa = PBXShellScriptBuildPhase;
			buildActionMask = 2147483647;
			files = (
			);
			inputPaths = (
			);
			name = "[CP] Embed Pods Frameworks";
			outputPaths = (
			);
			runOnlyForDeploymentPostprocessing = 0;
			shellPath = /bin/sh;
			shellScript = "\"${SRCROOT}/Pods/Target Support Files/Pods-Calendar-Project/Pods-Calendar-Project-frameworks.sh\"\n";
			showEnvVarsInLog = 0;
		};
		E136AF35383DC25AB69C3791 /* [CP] Copy Pods Resources */ = {
			isa = PBXShellScriptBuildPhase;
			buildActionMask = 2147483647;
			files = (
			);
			inputPaths = (
			);
			name = "[CP] Copy Pods Resources";
			outputPaths = (
			);
			runOnlyForDeploymentPostprocessing = 0;
			shellPath = /bin/sh;
			shellScript = "\"${SRCROOT}/Pods/Target Support Files/Pods-Calendar-Project/Pods-Calendar-Project-resources.sh\"\n";
			showEnvVarsInLog = 0;
		};
/* End PBXShellScriptBuildPhase section */

/* Begin PBXSourcesBuildPhase section */
		6C6443BB1DB5210D004ECC7D /* Sources */ = {
			isa = PBXSourcesBuildPhase;
			buildActionMask = 2147483647;
			files = (
				6C6443C51DB5210D004ECC7D /* ViewController.swift in Sources */,
				B2EA1C5B1DB5B03B00E63438 /* TableViewController.swift in Sources */,
				6C6443C31DB5210D004ECC7D /* AppDelegate.swift in Sources */,
				B2EA1C631DB5FA4200E63438 /* DetailViewController.swift in Sources */,
			);
			runOnlyForDeploymentPostprocessing = 0;
		};
		6C6443CF1DB5210D004ECC7D /* Sources */ = {
			isa = PBXSourcesBuildPhase;
			buildActionMask = 2147483647;
			files = (
				6C6443D81DB5210D004ECC7D /* Calendar_ProjectTests.swift in Sources */,
			);
			runOnlyForDeploymentPostprocessing = 0;
		};
		6C6443DA1DB5210D004ECC7D /* Sources */ = {
			isa = PBXSourcesBuildPhase;
			buildActionMask = 2147483647;
			files = (
				6C6443E31DB5210D004ECC7D /* Calendar_ProjectUITests.swift in Sources */,
			);
			runOnlyForDeploymentPostprocessing = 0;
		};
/* End PBXSourcesBuildPhase section */

/* Begin PBXTargetDependency section */
		6C6443D51DB5210D004ECC7D /* PBXTargetDependency */ = {
			isa = PBXTargetDependency;
			target = 6C6443BE1DB5210D004ECC7D /* Calendar-Project */;
			targetProxy = 6C6443D41DB5210D004ECC7D /* PBXContainerItemProxy */;
		};
		6C6443E01DB5210D004ECC7D /* PBXTargetDependency */ = {
			isa = PBXTargetDependency;
			target = 6C6443BE1DB5210D004ECC7D /* Calendar-Project */;
			targetProxy = 6C6443DF1DB5210D004ECC7D /* PBXContainerItemProxy */;
		};
/* End PBXTargetDependency section */

/* Begin PBXVariantGroup section */
		6C6443C61DB5210D004ECC7D /* Main.storyboard */ = {
			isa = PBXVariantGroup;
			children = (
				6C6443C71DB5210D004ECC7D /* Base */,
			);
			name = Main.storyboard;
			sourceTree = "<group>";
		};
		6C6443CB1DB5210D004ECC7D /* LaunchScreen.storyboard */ = {
			isa = PBXVariantGroup;
			children = (
				6C6443CC1DB5210D004ECC7D /* Base */,
			);
			name = LaunchScreen.storyboard;
			sourceTree = "<group>";
		};
/* End PBXVariantGroup section */

/* Begin XCBuildConfiguration section */
		6C6443E51DB5210D004ECC7D /* Debug */ = {
			isa = XCBuildConfiguration;
			buildSettings = {
				ALWAYS_SEARCH_USER_PATHS = NO;
				CLANG_ANALYZER_NONNULL = YES;
				CLANG_CXX_LANGUAGE_STANDARD = "gnu++0x";
				CLANG_CXX_LIBRARY = "libc++";
				CLANG_ENABLE_MODULES = YES;
				CLANG_ENABLE_OBJC_ARC = YES;
				CLANG_WARN_BOOL_CONVERSION = YES;
				CLANG_WARN_CONSTANT_CONVERSION = YES;
				CLANG_WARN_DIRECT_OBJC_ISA_USAGE = YES_ERROR;
				CLANG_WARN_DOCUMENTATION_COMMENTS = YES;
				CLANG_WARN_EMPTY_BODY = YES;
				CLANG_WARN_ENUM_CONVERSION = YES;
				CLANG_WARN_INFINITE_RECURSION = YES;
				CLANG_WARN_INT_CONVERSION = YES;
				CLANG_WARN_OBJC_ROOT_CLASS = YES_ERROR;
				CLANG_WARN_SUSPICIOUS_MOVES = YES;
				CLANG_WARN_UNREACHABLE_CODE = YES;
				CLANG_WARN__DUPLICATE_METHOD_MATCH = YES;
				"CODE_SIGN_IDENTITY[sdk=iphoneos*]" = "iPhone Developer";
				COPY_PHASE_STRIP = NO;
				DEBUG_INFORMATION_FORMAT = dwarf;
				ENABLE_STRICT_OBJC_MSGSEND = YES;
				ENABLE_TESTABILITY = YES;
				GCC_C_LANGUAGE_STANDARD = gnu99;
				GCC_DYNAMIC_NO_PIC = NO;
				GCC_NO_COMMON_BLOCKS = YES;
				GCC_OPTIMIZATION_LEVEL = 0;
				GCC_PREPROCESSOR_DEFINITIONS = (
					"DEBUG=1",
					"$(inherited)",
				);
				GCC_WARN_64_TO_32_BIT_CONVERSION = YES;
				GCC_WARN_ABOUT_RETURN_TYPE = YES_ERROR;
				GCC_WARN_UNDECLARED_SELECTOR = YES;
				GCC_WARN_UNINITIALIZED_AUTOS = YES_AGGRESSIVE;
				GCC_WARN_UNUSED_FUNCTION = YES;
				GCC_WARN_UNUSED_VARIABLE = YES;
				IPHONEOS_DEPLOYMENT_TARGET = 10.0;
				MTL_ENABLE_DEBUG_INFO = YES;
				ONLY_ACTIVE_ARCH = YES;
				SDKROOT = iphoneos;
				SWIFT_ACTIVE_COMPILATION_CONDITIONS = DEBUG;
				SWIFT_OPTIMIZATION_LEVEL = "-Onone";
				TARGETED_DEVICE_FAMILY = "1,2";
			};
			name = Debug;
		};
		6C6443E61DB5210D004ECC7D /* Release */ = {
			isa = XCBuildConfiguration;
			buildSettings = {
				ALWAYS_SEARCH_USER_PATHS = NO;
				CLANG_ANALYZER_NONNULL = YES;
				CLANG_CXX_LANGUAGE_STANDARD = "gnu++0x";
				CLANG_CXX_LIBRARY = "libc++";
				CLANG_ENABLE_MODULES = YES;
				CLANG_ENABLE_OBJC_ARC = YES;
				CLANG_WARN_BOOL_CONVERSION = YES;
				CLANG_WARN_CONSTANT_CONVERSION = YES;
				CLANG_WARN_DIRECT_OBJC_ISA_USAGE = YES_ERROR;
				CLANG_WARN_DOCUMENTATION_COMMENTS = YES;
				CLANG_WARN_EMPTY_BODY = YES;
				CLANG_WARN_ENUM_CONVERSION = YES;
				CLANG_WARN_INFINITE_RECURSION = YES;
				CLANG_WARN_INT_CONVERSION = YES;
				CLANG_WARN_OBJC_ROOT_CLASS = YES_ERROR;
				CLANG_WARN_SUSPICIOUS_MOVES = YES;
				CLANG_WARN_UNREACHABLE_CODE = YES;
				CLANG_WARN__DUPLICATE_METHOD_MATCH = YES;
				"CODE_SIGN_IDENTITY[sdk=iphoneos*]" = "iPhone Developer";
				COPY_PHASE_STRIP = NO;
				DEBUG_INFORMATION_FORMAT = "dwarf-with-dsym";
				ENABLE_NS_ASSERTIONS = NO;
				ENABLE_STRICT_OBJC_MSGSEND = YES;
				GCC_C_LANGUAGE_STANDARD = gnu99;
				GCC_NO_COMMON_BLOCKS = YES;
				GCC_WARN_64_TO_32_BIT_CONVERSION = YES;
				GCC_WARN_ABOUT_RETURN_TYPE = YES_ERROR;
				GCC_WARN_UNDECLARED_SELECTOR = YES;
				GCC_WARN_UNINITIALIZED_AUTOS = YES_AGGRESSIVE;
				GCC_WARN_UNUSED_FUNCTION = YES;
				GCC_WARN_UNUSED_VARIABLE = YES;
				IPHONEOS_DEPLOYMENT_TARGET = 10.0;
				MTL_ENABLE_DEBUG_INFO = NO;
				SDKROOT = iphoneos;
				SWIFT_OPTIMIZATION_LEVEL = "-Owholemodule";
				TARGETED_DEVICE_FAMILY = "1,2";
				VALIDATE_PRODUCT = YES;
			};
			name = Release;
		};
		6C6443E81DB5210D004ECC7D /* Debug */ = {
			isa = XCBuildConfiguration;
			baseConfigurationReference = 10154D4322B720D57D36200A /* Pods-Calendar-Project.debug.xcconfig */;
			buildSettings = {
				ASSETCATALOG_COMPILER_APPICON_NAME = AppIcon;
				INFOPLIST_FILE = "Calendar-Project/Info.plist";
				LD_RUNPATH_SEARCH_PATHS = "$(inherited) @executable_path/Frameworks";
				PRODUCT_BUNDLE_IDENTIFIER = "cambodia.Calendar-Project";
				PRODUCT_NAME = "$(TARGET_NAME)";
				SWIFT_VERSION = 3.0;
			};
			name = Debug;
		};
		6C6443E91DB5210D004ECC7D /* Release */ = {
			isa = XCBuildConfiguration;
			baseConfigurationReference = 5FF91DD8D5615A7AFB5C531A /* Pods-Calendar-Project.release.xcconfig */;
			buildSettings = {
				ASSETCATALOG_COMPILER_APPICON_NAME = AppIcon;
				INFOPLIST_FILE = "Calendar-Project/Info.plist";
				LD_RUNPATH_SEARCH_PATHS = "$(inherited) @executable_path/Frameworks";
				PRODUCT_BUNDLE_IDENTIFIER = "cambodia.Calendar-Project";
				PRODUCT_NAME = "$(TARGET_NAME)";
				SWIFT_VERSION = 3.0;
			};
			name = Release;
		};
		6C6443EB1DB5210D004ECC7D /* Debug */ = {
			isa = XCBuildConfiguration;
			buildSettings = {
				ALWAYS_EMBED_SWIFT_STANDARD_LIBRARIES = YES;
				BUNDLE_LOADER = "$(TEST_HOST)";
				INFOPLIST_FILE = "Calendar-ProjectTests/Info.plist";
				LD_RUNPATH_SEARCH_PATHS = "$(inherited) @executable_path/Frameworks @loader_path/Frameworks";
				PRODUCT_BUNDLE_IDENTIFIER = "cambodia.Calendar-ProjectTests";
				PRODUCT_NAME = "$(TARGET_NAME)";
				SWIFT_VERSION = 3.0;
				TEST_HOST = "$(BUILT_PRODUCTS_DIR)/Calendar-Project.app/Calendar-Project";
			};
			name = Debug;
		};
		6C6443EC1DB5210D004ECC7D /* Release */ = {
			isa = XCBuildConfiguration;
			buildSettings = {
				ALWAYS_EMBED_SWIFT_STANDARD_LIBRARIES = YES;
				BUNDLE_LOADER = "$(TEST_HOST)";
				INFOPLIST_FILE = "Calendar-ProjectTests/Info.plist";
				LD_RUNPATH_SEARCH_PATHS = "$(inherited) @executable_path/Frameworks @loader_path/Frameworks";
				PRODUCT_BUNDLE_IDENTIFIER = "cambodia.Calendar-ProjectTests";
				PRODUCT_NAME = "$(TARGET_NAME)";
				SWIFT_VERSION = 3.0;
				TEST_HOST = "$(BUILT_PRODUCTS_DIR)/Calendar-Project.app/Calendar-Project";
			};
			name = Release;
		};
		6C6443EE1DB5210D004ECC7D /* Debug */ = {
			isa = XCBuildConfiguration;
			buildSettings = {
				ALWAYS_EMBED_SWIFT_STANDARD_LIBRARIES = YES;
				INFOPLIST_FILE = "Calendar-ProjectUITests/Info.plist";
				LD_RUNPATH_SEARCH_PATHS = "$(inherited) @executable_path/Frameworks @loader_path/Frameworks";
				PRODUCT_BUNDLE_IDENTIFIER = "cambodia.Calendar-ProjectUITests";
				PRODUCT_NAME = "$(TARGET_NAME)";
				SWIFT_VERSION = 3.0;
				TEST_TARGET_NAME = "Calendar-Project";
			};
			name = Debug;
		};
		6C6443EF1DB5210D004ECC7D /* Release */ = {
			isa = XCBuildConfiguration;
			buildSettings = {
				ALWAYS_EMBED_SWIFT_STANDARD_LIBRARIES = YES;
				INFOPLIST_FILE = "Calendar-ProjectUITests/Info.plist";
				LD_RUNPATH_SEARCH_PATHS = "$(inherited) @executable_path/Frameworks @loader_path/Frameworks";
				PRODUCT_BUNDLE_IDENTIFIER = "cambodia.Calendar-ProjectUITests";
				PRODUCT_NAME = "$(TARGET_NAME)";
				SWIFT_VERSION = 3.0;
				TEST_TARGET_NAME = "Calendar-Project";
			};
			name = Release;
		};
/* End XCBuildConfiguration section */

/* Begin XCConfigurationList section */
		6C6443BA1DB5210D004ECC7D /* Build configuration list for PBXProject "Calendar-Project" */ = {
			isa = XCConfigurationList;
			buildConfigurations = (
				6C6443E51DB5210D004ECC7D /* Debug */,
				6C6443E61DB5210D004ECC7D /* Release */,
			);
			defaultConfigurationIsVisible = 0;
			defaultConfigurationName = Release;
		};
		6C6443E71DB5210D004ECC7D /* Build configuration list for PBXNativeTarget "Calendar-Project" */ = {
			isa = XCConfigurationList;
			buildConfigurations = (
				6C6443E81DB5210D004ECC7D /* Debug */,
				6C6443E91DB5210D004ECC7D /* Release */,
			);
			defaultConfigurationIsVisible = 0;
			defaultConfigurationName = Release;
		};
		6C6443EA1DB5210D004ECC7D /* Build configuration list for PBXNativeTarget "Calendar-ProjectTests" */ = {
			isa = XCConfigurationList;
			buildConfigurations = (
				6C6443EB1DB5210D004ECC7D /* Debug */,
				6C6443EC1DB5210D004ECC7D /* Release */,
			);
			defaultConfigurationIsVisible = 0;
			defaultConfigurationName = Release;
		};
		6C6443ED1DB5210D004ECC7D /* Build configuration list for PBXNativeTarget "Calendar-ProjectUITests" */ = {
			isa = XCConfigurationList;
			buildConfigurations = (
				6C6443EE1DB5210D004ECC7D /* Debug */,
				6C6443EF1DB5210D004ECC7D /* Release */,
			);
			defaultConfigurationIsVisible = 0;
			defaultConfigurationName = Release;
		};
/* End XCConfigurationList section */
	};
	rootObject = 6C6443B71DB5210D004ECC7D /* Project object */;
}
